
Microsoft Visual Studio Solution File, Format Version 12.00
# Visual Studio Version 16
VisualStudioVersion = 16.0.28803.156
MinimumVisualStudioVersion = 10.0.40219.1
Project("{9A19103F-16F7-4668-BE54-9A1E7A4F7556}") = "SpriteFactory", "SpriteFactory\SpriteFactory.csproj", "{D0982829-4990-4A40-8D3A-854FFE86CE1F}"
EndProject
Global
	GlobalSection(SolutionConfigurationPlatforms) = preSolution
		Debug|Any CPU = Debug|Any CPU
		Release|Any CPU = Release|Any CPU
	EndGlobalSection
	GlobalSection(ProjectConfigurationPlatforms) = postSolution
		{D0982829-4990-4A40-8D3A-854FFE86CE1F}.Debug|Any CPU.ActiveCfg = Debug|Any CPU
		{D0982829-4990-4A40-8D3A-854FFE86CE1F}.Debug|Any CPU.Build.0 = Debug|Any CPU
		{D0982829-4990-4A40-8D3A-854FFE86CE1F}.Release|Any CPU.ActiveCfg = Release|Any CPU
		{D0982829-4990-4A40-8D3A-854FFE86CE1F}.Release|Any CPU.Build.0 = Release|Any CPU
	EndGlobalSection
	GlobalSection(SolutionProperties) = preSolution
		HideSolutionNode = FALSE
	EndGlobalSection
	GlobalSection(ExtensibilityGlobals) = postSolution
		SolutionGuid = {AF68482C-85D0-4834-A849-BF32F9E51DC8}
	EndGlobalSection
EndGlobal
